
Microsoft Visual Studio Solution File, Format Version 12.00
# Visual Studio 15
VisualStudioVersion = 15.0.28307.572
MinimumVisualStudioVersion = 10.0.40219.1
Project("{FAE04EC0-301F-11D3-BF4B-00C04F79EFBC}") = "Users", "Users\Users.csproj", "{0A99B565-D68D-4A98-AA52-AB9BB8A44274}"
EndProject
Global
	GlobalSection(SolutionConfigurationPlatforms) = preSolution
		Debug|Any CPU = Debug|Any CPU
		Release|Any CPU = Release|Any CPU
	EndGlobalSection
	GlobalSection(ProjectConfigurationPlatforms) = postSolution
		{0A99B565-D68D-4A98-AA52-AB9BB8A44274}.Debug|Any CPU.ActiveCfg = Debug|Any CPU
		{0A99B565-D68D-4A98-AA52-AB9BB8A44274}.Debug|Any CPU.Build.0 = Debug|Any CPU
		{0A99B565-D68D-4A98-AA52-AB9BB8A44274}.Release|Any CPU.ActiveCfg = Release|Any CPU
		{0A99B565-D68D-4A98-AA52-AB9BB8A44274}.Release|Any CPU.Build.0 = Release|Any CPU
	EndGlobalSection
	GlobalSection(SolutionProperties) = preSolution
		HideSolutionNode = FALSE
	EndGlobalSection
	GlobalSection(ExtensibilityGlobals) = postSolution
		SolutionGuid = {2D60B14A-C86F-42D6-868E-C8FB229F1FBC}
	EndGlobalSection
EndGlobal
